
Microsoft Visual Studio Solution File, Format Version 12.00
# Visual Studio Version 16
VisualStudioVersion = 16.0.30503.244
MinimumVisualStudioVersion = 10.0.40219.1
Project("{FAE04EC0-301F-11D3-BF4B-00C04F79EFBC}") = "UserMaintenance", "UserMaintenance\UserMaintenance.csproj", "{1EA8AE04-1CC5-47C8-80BF-1797E30EC61D}"
EndProject
Project("{2150E333-8FDC-42A3-9474-1A3956D46DE8}") = "Entities", "Entities", "{6D783D16-8C74-4A44-B030-3127E0ADD3C6}"
EndProject
Global
	GlobalSection(SolutionConfigurationPlatforms) = preSolution
		Debug|Any CPU = Debug|Any CPU
		Release|Any CPU = Release|Any CPU
	EndGlobalSection
	GlobalSection(ProjectConfigurationPlatforms) = postSolution
		{1EA8AE04-1CC5-47C8-80BF-1797E30EC61D}.Debug|Any CPU.ActiveCfg = Debug|Any CPU
		{1EA8AE04-1CC5-47C8-80BF-1797E30EC61D}.Debug|Any CPU.Build.0 = Debug|Any CPU
		{1EA8AE04-1CC5-47C8-80BF-1797E30EC61D}.Release|Any CPU.ActiveCfg = Release|Any CPU
		{1EA8AE04-1CC5-47C8-80BF-1797E30EC61D}.Release|Any CPU.Build.0 = Release|Any CPU
	EndGlobalSection
	GlobalSection(SolutionProperties) = preSolution
		HideSolutionNode = FALSE
	EndGlobalSection
	GlobalSection(ExtensibilityGlobals) = postSolution
		SolutionGuid = {2FF8636F-4C51-40B8-AFFC-E144A2E7FDB1}
	EndGlobalSection
EndGlobal
